
Microsoft Visual Studio Solution File, Format Version 12.00
# Visual Studio 15
Project("{FAE04EC0-301F-11D3-BF4B-00C04F79EFBC}") = "Assembly-CSharp", "Assembly-CSharp.csproj", "{CAA0F1A6-F3F6-931D-2201-0991692A187D}"
EndProject
Project("{FAE04EC0-301F-11D3-BF4B-00C04F79EFBC}") = "DOTween.Modules", "DOTween.Modules.csproj", "{A769332A-1B27-077C-9BB4-46E483ABFAB1}"
EndProject
Project("{FAE04EC0-301F-11D3-BF4B-00C04F79EFBC}") = "Assembly-CSharp-Editor", "Assembly-CSharp-Editor.csproj", "{6C0AEF8A-8C0A-8680-FC7C-675E891D8501}"
EndProject
Global
	GlobalSection(SolutionConfigurationPlatforms) = preSolution
		Debug|Any CPU = Debug|Any CPU
		Release|Any CPU = Release|Any CPU
	EndGlobalSection
	GlobalSection(ProjectConfigurationPlatforms) = postSolution
		{CAA0F1A6-F3F6-931D-2201-0991692A187D}.Debug|Any CPU.ActiveCfg = Debug|Any CPU
		{CAA0F1A6-F3F6-931D-2201-0991692A187D}.Debug|Any CPU.Build.0 = Debug|Any CPU
		{CAA0F1A6-F3F6-931D-2201-0991692A187D}.Release|Any CPU.ActiveCfg = Release|Any CPU
		{CAA0F1A6-F3F6-931D-2201-0991692A187D}.Release|Any CPU.Build.0 = Release|Any CPU
		{A769332A-1B27-077C-9BB4-46E483ABFAB1}.Debug|Any CPU.ActiveCfg = Debug|Any CPU
		{A769332A-1B27-077C-9BB4-46E483ABFAB1}.Debug|Any CPU.Build.0 = Debug|Any CPU
		{A769332A-1B27-077C-9BB4-46E483ABFAB1}.Release|Any CPU.ActiveCfg = Release|Any CPU
		{A769332A-1B27-077C-9BB4-46E483ABFAB1}.Release|Any CPU.Build.0 = Release|Any CPU
		{6C0AEF8A-8C0A-8680-FC7C-675E891D8501}.Debug|Any CPU.ActiveCfg = Debug|Any CPU
		{6C0AEF8A-8C0A-8680-FC7C-675E891D8501}.Debug|Any CPU.Build.0 = Debug|Any CPU
		{6C0AEF8A-8C0A-8680-FC7C-675E891D8501}.Release|Any CPU.ActiveCfg = Release|Any CPU
		{6C0AEF8A-8C0A-8680-FC7C-675E891D8501}.Release|Any CPU.Build.0 = Release|Any CPU
	EndGlobalSection
	GlobalSection(SolutionProperties) = preSolution
		HideSolutionNode = FALSE
	EndGlobalSection
EndGlobal
